
Microsoft Visual Studio Solution File, Format Version 12.00
# Visual Studio Version 16
VisualStudioVersion = 16.0.29020.237
MinimumVisualStudioVersion = 10.0.40219.1
Project("{FAE04EC0-301F-11D3-BF4B-00C04F79EFBC}") = "weather", "weather.csproj", "{6FFC5FEF-8487-4CD2-9449-6685FFBC7B9B}"
EndProject
Global
	GlobalSection(SolutionConfigurationPlatforms) = preSolution
		Debug|Any CPU = Debug|Any CPU
		Release|Any CPU = Release|Any CPU
	EndGlobalSection
	GlobalSection(ProjectConfigurationPlatforms) = postSolution
		{6FFC5FEF-8487-4CD2-9449-6685FFBC7B9B}.Debug|Any CPU.ActiveCfg = Debug|Any CPU
		{6FFC5FEF-8487-4CD2-9449-6685FFBC7B9B}.Debug|Any CPU.Build.0 = Debug|Any CPU
		{6FFC5FEF-8487-4CD2-9449-6685FFBC7B9B}.Release|Any CPU.ActiveCfg = Release|Any CPU
		{6FFC5FEF-8487-4CD2-9449-6685FFBC7B9B}.Release|Any CPU.Build.0 = Release|Any CPU
	EndGlobalSection
	GlobalSection(SolutionProperties) = preSolution
		HideSolutionNode = FALSE
	EndGlobalSection
	GlobalSection(ExtensibilityGlobals) = postSolution
		SolutionGuid = {11648404-308E-446F-8A05-56DE3C7341CD}
	EndGlobalSection
EndGlobal
